
Microsoft Visual Studio Solution File, Format Version 12.00
# Visual Studio Version 16
VisualStudioVersion = 16.0.32126.315
MinimumVisualStudioVersion = 10.0.40219.1
Project("{2150E333-8FDC-42A3-9474-1A3956D46DE8}") = "01-架构核心", "01-架构核心", "{0ECDF340-749A-49C2-9F02-BE36D0235651}"
EndProject
Project("{2150E333-8FDC-42A3-9474-1A3956D46DE8}") = "02-应用模块", "02-应用模块", "{DEE60693-575B-43FA-B7AB-60B6045B632C}"
EndProject
Project("{2150E333-8FDC-42A3-9474-1A3956D46DE8}") = "03-应用服务", "03-应用服务", "{A0F27F69-7064-4E75-B05E-F3205F253BA3}"
EndProject
Project("{2150E333-8FDC-42A3-9474-1A3956D46DE8}") = "01-OAuth", "01-OAuth", "{6B6957D6-FE79-4BAC-982C-DC3FAA232284}"
EndProject
Project("{2150E333-8FDC-42A3-9474-1A3956D46DE8}") = "02-System", "02-System", "{75BAFC89-6C5D-4669-A55D-B904F3013572}"
EndProject
Project("{2150E333-8FDC-42A3-9474-1A3956D46DE8}") = "08-Extend", "08-Extend", "{D2DFB80D-937C-45B2-8792-AE6898593D3A}"
EndProject
Project("{9A19103F-16F7-4668-BE54-9A1E7A4F7556}") = "JNPF", "src\Infrastructure\JNPF\JNPF.csproj", "{8FD68BFF-08D8-4429-A22C-7CC944D6FC1D}"
EndProject
Project("{9A19103F-16F7-4668-BE54-9A1E7A4F7556}") = "JNPF.Authentication.JwtBearer", "src\Infrastructure\JNPF.Authentication.JwtBearer\JNPF.Authentication.JwtBearer.csproj", "{98A9C5C1-0297-4E97-8118-6DC653A2143C}"
EndProject
Project("{9A19103F-16F7-4668-BE54-9A1E7A4F7556}") = "JNPF.Data.SqlSugar", "src\Infrastructure\JNPF.Data.SqlSugar\JNPF.Data.SqlSugar.csproj", "{8554C07C-97B5-4A22-9F08-950A63DDC85C}"
EndProject
Project("{9A19103F-16F7-4668-BE54-9A1E7A4F7556}") = "JNPF.Logging.Serilog", "src\Infrastructure\JNPF.Logging.Serilog\JNPF.Logging.Serilog.csproj", "{8EA8B78D-1993-4667-BED3-93A94E15688B}"
EndProject
Project("{9A19103F-16F7-4668-BE54-9A1E7A4F7556}") = "JNPF.Mapster", "src\Infrastructure\JNPF.Mapster\JNPF.Mapster.csproj", "{FDFF7DE2-1125-4D79-A721-530E25AA2325}"
EndProject
Project("{9A19103F-16F7-4668-BE54-9A1E7A4F7556}") = "JNPF.System", "src\Modularity\System\JNPF.System\JNPF.System.csproj", "{8C0479DA-4AAA-460E-BB50-91C4ACBCECE0}"
EndProject
Project("{9A19103F-16F7-4668-BE54-9A1E7A4F7556}") = "JNPF.System.Entitys", "src\Modularity\System\JNPF.System.Entitys\JNPF.System.Entitys.csproj", "{3E3F382D-227C-4DD7-98DC-A8FD01F4C841}"
EndProject
Project("{9A19103F-16F7-4668-BE54-9A1E7A4F7556}") = "JNPF.System.Interfaces", "src\Modularity\System\JNPF.System.Interfaces\JNPF.System.Interfaces.csproj", "{A781195A-44BE-4B0E-8942-14A4C691C4DC}"
EndProject
Project("{2150E333-8FDC-42A3-9474-1A3956D46DE8}") = "00-Common", "00-Common", "{276A76F8-FB38-4F22-9887-473055459A09}"
EndProject
Project("{9A19103F-16F7-4668-BE54-9A1E7A4F7556}") = "JNPF.Expand.Thirdparty", "src\Infrastructure\JNPF.Expand.Thirdparty\JNPF.Expand.Thirdparty.csproj", "{DC767189-14D2-474F-9153-8DFB2159B740}"
EndProject
Project("{9A19103F-16F7-4668-BE54-9A1E7A4F7556}") = "JNPF.Common", "src\Modularity\Common\JNPF.Common\JNPF.Common.csproj", "{5D1AF8A1-0771-4138-80F6-3E5C5C9F22F7}"
EndProject
Project("{9A19103F-16F7-4668-BE54-9A1E7A4F7556}") = "JNPF.Common.Core", "src\Modularity\Common\JNPF.Common.Core\JNPF.Common.Core.csproj", "{627B729E-3A54-478A-8F7A-E2D22F6B5A28}"
EndProject
Project("{9A19103F-16F7-4668-BE54-9A1E7A4F7556}") = "JNPF.OAuth", "src\Modularity\OAuth\JNPF.OAuth\JNPF.OAuth.csproj", "{ECAD81B1-0A0E-459B-9A6D-7C2139C8EFF4}"
EndProject
Project("{9A19103F-16F7-4668-BE54-9A1E7A4F7556}") = "JNPF.API", "src\Application\JNPF.API\JNPF.API.csproj", "{CAF38996-FE9B-46EA-B64C-AA82E80E46A3}"
EndProject
Project("{9A19103F-16F7-4668-BE54-9A1E7A4F7556}") = "JNPF.API.Core", "src\Application\JNPF.API.Core\JNPF.API.Core.csproj", "{09574ECD-6221-4FEA-9551-43F05177FA37}"
EndProject
Project("{2150E333-8FDC-42A3-9474-1A3956D46DE8}") = "03-Message", "03-Message", "{0795E3AC-63C0-41B1-92EA-A27EA0EF1F42}"
EndProject
Project("{2150E333-8FDC-42A3-9474-1A3956D46DE8}") = "04-TaskScheduler", "04-TaskScheduler", "{02750F79-DC25-4BEE-A1AC-1F37C2F32DEC}"
EndProject
Project("{2150E333-8FDC-42A3-9474-1A3956D46DE8}") = "05-WorkFlow", "05-WorkFlow", "{97F966A3-A087-4D75-8C10-6A34B8783C01}"
EndProject
Project("{2150E333-8FDC-42A3-9474-1A3956D46DE8}") = "06-VisualDev", "06-VisualDev", "{317CB216-6C07-458B-A16B-3D17DE0CA4F1}"
EndProject
Project("{2150E333-8FDC-42A3-9474-1A3956D46DE8}") = "09-SubDev", "09-SubDev", "{80671988-456F-4B06-9E63-4D70B0A99361}"
EndProject
Project("{9A19103F-16F7-4668-BE54-9A1E7A4F7556}") = "JNPF.Message", "src\Modularity\Message\JNPF.Message\JNPF.Message.csproj", "{4CBA3A69-B633-4B7D-AE69-4A72B5D51A87}"
EndProject
Project("{9A19103F-16F7-4668-BE54-9A1E7A4F7556}") = "JNPF.Message.Entitys", "src\Modularity\Message\JNPF.Message.Entitys\JNPF.Message.Entitys.csproj", "{0FA181DE-1AD3-4EF8-8846-8631DCC5DA72}"
EndProject
Project("{9A19103F-16F7-4668-BE54-9A1E7A4F7556}") = "JNPF.Message.Interfaces", "src\Modularity\Message\JNPF.Message.Interfaces\JNPF.Message.Interfaces.csproj", "{D6914880-99F1-49E4-82C1-1D0B23AD8AFF}"
EndProject
Project("{9A19103F-16F7-4668-BE54-9A1E7A4F7556}") = "JNPF.TaskScheduler.Entitys", "src\Modularity\TaskSchedule\JNPF.TaskScheduler.Entitys\JNPF.TaskScheduler.Entitys.csproj", "{98E58884-A087-421C-A3F8-8AD6F36D6E22}"
EndProject
Project("{9A19103F-16F7-4668-BE54-9A1E7A4F7556}") = "JNPF.TaskScheduler.Interfaces", "src\Modularity\TaskSchedule\JNPF.TaskScheduler.Interfaces\JNPF.TaskScheduler.Interfaces.csproj", "{8CC07D0A-EFF9-4102-B610-6AFB318DF312}"
EndProject
Project("{9A19103F-16F7-4668-BE54-9A1E7A4F7556}") = "JNPF.WorkFlow.Entitys", "src\Modularity\WorkFlow\JNPF.WorkFlow.Entitys\JNPF.WorkFlow.Entitys.csproj", "{1A24FB58-6C18-4CE4-9833-E5168CEDF9A1}"
EndProject
Project("{9A19103F-16F7-4668-BE54-9A1E7A4F7556}") = "JNPF.WorkFlow.Interfaces", "src\Modularity\WorkFlow\JNPF.WorkFlow.Interfaces\JNPF.WorkFlow.Interfaces.csproj", "{1AC1303E-0C6F-410B-BA43-55BC9C71170C}"
EndProject
Project("{9A19103F-16F7-4668-BE54-9A1E7A4F7556}") = "JNPF.Extend", "src\Modularity\Extend\JNPF.Extend\JNPF.Extend.csproj", "{CFC95DE8-11C3-4B0E-9F0B-51938829B320}"
EndProject
Project("{9A19103F-16F7-4668-BE54-9A1E7A4F7556}") = "JNPF.Extend.Entitys", "src\Modularity\Extend\JNPF.Extend.Entitys\JNPF.Extend.Entitys.csproj", "{95014330-B34E-428C-A210-7D935F07184F}"
EndProject
Project("{9A19103F-16F7-4668-BE54-9A1E7A4F7556}") = "JNPF.Extend.Interfaces", "src\Modularity\Extend\JNPF.Extend.Interfaces\JNPF.Extend.Interfaces.csproj", "{80D5182B-BC20-4A04-9DF4-D9A9E480A114}"
EndProject
Project("{9A19103F-16F7-4668-BE54-9A1E7A4F7556}") = "JNPF.WorkFlow", "src\Modularity\WorkFlow\JNPF.WorkFlow\JNPF.WorkFlow.csproj", "{E007C481-39A2-4CE1-A875-9C0BF459F197}"
EndProject
Project("{9A19103F-16F7-4668-BE54-9A1E7A4F7556}") = "JNPF.VisualDev", "src\Modularity\VisualDev\JNPF.VisualDev\JNPF.VisualDev.csproj", "{51FDBC67-B310-4AF2-A88E-06D85D3418AE}"
EndProject
Project("{9A19103F-16F7-4668-BE54-9A1E7A4F7556}") = "JNPF.VisualDev.Entitys", "src\Modularity\VisualDev\JNPF.VisualDev.Entitys\JNPF.VisualDev.Entitys.csproj", "{00A701D3-78B7-4D6F-AE38-709F61186F73}"
EndProject
Project("{9A19103F-16F7-4668-BE54-9A1E7A4F7556}") = "JNPF.VisualDev.Interfaces", "src\Modularity\VisualDev\JNPF.VisualDev.Interfaces\JNPF.VisualDev.Interfaces.csproj", "{3BAD9F06-A502-4CFB-B79C-14E29A2BBD4F}"
EndProject
Project("{9A19103F-16F7-4668-BE54-9A1E7A4F7556}") = "JNPF.VisualDev.Run.Core", "src\Modularity\VisualDev\JNPF.VisualDev.Run.Core\JNPF.VisualDev.Run.Core.csproj", "{79A925D4-544B-428E-9A39-122A6D56283A}"
EndProject
Project("{9A19103F-16F7-4668-BE54-9A1E7A4F7556}") = "JNPF.VisualDev.Run.Interfaces", "src\Modularity\VisualDev\JNPF.VisualDev.Run.Interfaces\JNPF.VisualDev.Run.Interfaces.csproj", "{D1AF0F5B-627A-45AC-AA9C-55CAF35AFE38}"
EndProject
Project("{2150E333-8FDC-42A3-9474-1A3956D46DE8}") = "07-VisualData", "07-VisualData", "{B967D6C1-8E60-4B83-BE8F-FDC2E9DEF4DE}"
EndProject
Project("{9A19103F-16F7-4668-BE54-9A1E7A4F7556}") = "JNPF.VisualData.Entitys", "src\Modularity\VisualData\JNPF.VisualData.Entitys\JNPF.VisualData.Entitys.csproj", "{E9FEAAF2-836F-4A76-8121-2E2158CA73DF}"
EndProject
Project("{9A19103F-16F7-4668-BE54-9A1E7A4F7556}") = "JNPF.VisualData", "src\Modularity\VisualData\JNPF.VisualData\JNPF.VisualData.csproj", "{9B100D2F-C413-49C5-9E14-89E6611CED64}"
EndProject
Project("{9A19103F-16F7-4668-BE54-9A1E7A4F7556}") = "JNPF.VisualData.Interfaces", "src\Modularity\VisualData\JNPF.VisualData.Interfaces\JNPF.VisualData.Interfaces.csproj", "{A9F98A98-4951-40ED-9A5C-3995E00BD78F}"
EndProject
Project("{9A19103F-16F7-4668-BE54-9A1E7A4F7556}") = "JNPF.SubDev", "src\Modularity\SubDev\JNPF.SubDev\JNPF.SubDev.csproj", "{746E356D-9D46-4CD0-A6FD-12556579CF9F}"
EndProject
Project("{9A19103F-16F7-4668-BE54-9A1E7A4F7556}") = "JNPF.SubDev.Entitys", "src\Modularity\SubDev\JNPF.SubDev.Entitys\JNPF.SubDev.Entitys.csproj", "{437C218F-8FF0-43E7-8BAB-AD7F59DE5BE0}"
EndProject
Project("{9A19103F-16F7-4668-BE54-9A1E7A4F7556}") = "JNPF.SubDev.Interfaces", "src\Modularity\SubDev\JNPF.SubDev.Interfaces\JNPF.SubDev.Interfaces.csproj", "{C46202ED-8D90-4F44-822A-B01DF798338E}"
EndProject
Project("{2150E333-8FDC-42A3-9474-1A3956D46DE8}") = "10-Tenant", "10-Tenant", "{0328F1B9-C25A-462E-85E9-78D238AF70D0}"
EndProject
Project("{9A19103F-16F7-4668-BE54-9A1E7A4F7556}") = "JNPF.Tenant", "src\Modularity\Tenant\JNPF.Tenant\JNPF.Tenant\JNPF.Tenant.csproj", "{5BB0208B-2780-46C9-818D-2630D630F3D1}"
EndProject
Project("{9A19103F-16F7-4668-BE54-9A1E7A4F7556}") = "JNPF.Tenant.Entitys", "src\Modularity\Tenant\JNPF.Tenant.Entitys\JNPF.Tenant.Entitys.csproj", "{5CA8DC9A-4379-48D8-9955-8156BEA42C5E}"
EndProject
Project("{9A19103F-16F7-4668-BE54-9A1E7A4F7556}") = "JNPF.Tenant.Interfaces", "src\Modularity\Tenant\JNPF.Tenant.Interfaces\JNPF.Tenant.Interfaces.csproj", "{D00120ED-17DD-41D0-A397-0366EA1B5EDA}"
EndProject
Project("{2150E333-8FDC-42A3-9474-1A3956D46DE8}") = "Tenant", "Tenant", "{E2C83957-DF6E-41DA-A6C2-11921F606D84}"
EndProject
Project("{9A19103F-16F7-4668-BE54-9A1E7A4F7556}") = "JNPF.API.Tenant", "src\Application\JNPF.API.Tenant\JNPF.API.Tenant\JNPF.API.Tenant.csproj", "{3E2242AD-10AB-45DC-8D80-0D14ADDA17E1}"
EndProject
Project("{2150E333-8FDC-42A3-9474-1A3956D46DE8}") = "11-App", "11-App", "{583BA28B-D7CB-4913-A419-DB04042ABC26}"
EndProject
Project("{9A19103F-16F7-4668-BE54-9A1E7A4F7556}") = "JNPF.Apps", "src\Modularity\App\JNPF.App\JNPF.Apps.csproj", "{760017D4-7EFD-4B69-A17D-277C010FF2FB}"
EndProject
Project("{9A19103F-16F7-4668-BE54-9A1E7A4F7556}") = "JNPF.Apps.Entitys", "src\Modularity\App\JNPF.App.Entity\JNPF.Apps.Entitys.csproj", "{963F908B-3731-4924-B4FC-A9D03A2C793F}"
EndProject
Project("{9A19103F-16F7-4668-BE54-9A1E7A4F7556}") = "JNPF.Apps.Interfaces", "src\Modularity\App\JNPF.App.Interfaces\JNPF.Apps.Interfaces.csproj", "{31FC0222-F3B3-4262-8138-AF2F3B8D4E93}"
EndProject
Project("{2150E333-8FDC-42A3-9474-1A3956D46DE8}") = "WebAPI", "WebAPI", "{E6831598-10DD-4EDC-BE6C-6CFBC17D316E}"
EndProject
Project("{9A19103F-16F7-4668-BE54-9A1E7A4F7556}") = "JNPF.TaskScheduler", "src\Modularity\TaskSchedule\JNPF.TaskScheduler\JNPF.TaskScheduler.csproj", "{44B8951A-91F1-400A-81B1-7DA41224A954}"
EndProject
Project("{2150E333-8FDC-42A3-9474-1A3956D46DE8}") = "12-ICUBundle", "12-ICUBundle", "{E19B12FB-8D07-4EC9-9813-6F7CF1E0791C}"
EndProject
Project("{9A19103F-16F7-4668-BE54-9A1E7A4F7556}") = "JNPF.ICUBundle", "src\Modularity\ICUBundle\JNPF.ICUBundle\JNPF.ICUBundle.csproj", "{297D6A9F-1070-4895-8E80-39550EC7608A}"
EndProject
Project("{9A19103F-16F7-4668-BE54-9A1E7A4F7556}") = "JNPF.ICUBundle.Entitys", "src\Modularity\ICUBundle\JNPF.ICUBundle.Entitys\JNPF.ICUBundle.Entitys.csproj", "{3D17BFDB-BBDC-43CF-BF88-E9D3AFEA85A3}"
EndProject
Project("{9A19103F-16F7-4668-BE54-9A1E7A4F7556}") = "JNPF.ICUBundle.Interfaces", "src\Modularity\ICUBundle\JNPF.ICUBundle.Interfaces\JNPF.ICUBundle.Interfaces.csproj", "{CF7B4B66-85EA-4E65-B8D5-84ECE4CDEB98}"
EndProject
Global
	GlobalSection(SolutionConfigurationPlatforms) = preSolution
		Debug|Any CPU = Debug|Any CPU
		Release|Any CPU = Release|Any CPU
	EndGlobalSection
	GlobalSection(ProjectConfigurationPlatforms) = postSolution
		{8FD68BFF-08D8-4429-A22C-7CC944D6FC1D}.Debug|Any CPU.ActiveCfg = Debug|Any CPU
		{8FD68BFF-08D8-4429-A22C-7CC944D6FC1D}.Debug|Any CPU.Build.0 = Debug|Any CPU
		{8FD68BFF-08D8-4429-A22C-7CC944D6FC1D}.Release|Any CPU.ActiveCfg = Release|Any CPU
		{8FD68BFF-08D8-4429-A22C-7CC944D6FC1D}.Release|Any CPU.Build.0 = Release|Any CPU
		{98A9C5C1-0297-4E97-8118-6DC653A2143C}.Debug|Any CPU.ActiveCfg = Debug|Any CPU
		{98A9C5C1-0297-4E97-8118-6DC653A2143C}.Debug|Any CPU.Build.0 = Debug|Any CPU
		{98A9C5C1-0297-4E97-8118-6DC653A2143C}.Release|Any CPU.ActiveCfg = Release|Any CPU
		{98A9C5C1-0297-4E97-8118-6DC653A2143C}.Release|Any CPU.Build.0 = Release|Any CPU
		{8554C07C-97B5-4A22-9F08-950A63DDC85C}.Debug|Any CPU.ActiveCfg = Debug|Any CPU
		{8554C07C-97B5-4A22-9F08-950A63DDC85C}.Debug|Any CPU.Build.0 = Debug|Any CPU
		{8554C07C-97B5-4A22-9F08-950A63DDC85C}.Release|Any CPU.ActiveCfg = Release|Any CPU
		{8554C07C-97B5-4A22-9F08-950A63DDC85C}.Release|Any CPU.Build.0 = Release|Any CPU
		{8EA8B78D-1993-4667-BED3-93A94E15688B}.Debug|Any CPU.ActiveCfg = Debug|Any CPU
		{8EA8B78D-1993-4667-BED3-93A94E15688B}.Debug|Any CPU.Build.0 = Debug|Any CPU
		{8EA8B78D-1993-4667-BED3-93A94E15688B}.Release|Any CPU.ActiveCfg = Release|Any CPU
		{8EA8B78D-1993-4667-BED3-93A94E15688B}.Release|Any CPU.Build.0 = Release|Any CPU
		{FDFF7DE2-1125-4D79-A721-530E25AA2325}.Debug|Any CPU.ActiveCfg = Debug|Any CPU
		{FDFF7DE2-1125-4D79-A721-530E25AA2325}.Debug|Any CPU.Build.0 = Debug|Any CPU
		{FDFF7DE2-1125-4D79-A721-530E25AA2325}.Release|Any CPU.ActiveCfg = Release|Any CPU
		{FDFF7DE2-1125-4D79-A721-530E25AA2325}.Release|Any CPU.Build.0 = Release|Any CPU
		{8C0479DA-4AAA-460E-BB50-91C4ACBCECE0}.Debug|Any CPU.ActiveCfg = Debug|Any CPU
		{8C0479DA-4AAA-460E-BB50-91C4ACBCECE0}.Debug|Any CPU.Build.0 = Debug|Any CPU
		{8C0479DA-4AAA-460E-BB50-91C4ACBCECE0}.Release|Any CPU.ActiveCfg = Release|Any CPU
		{8C0479DA-4AAA-460E-BB50-91C4ACBCECE0}.Release|Any CPU.Build.0 = Release|Any CPU
		{3E3F382D-227C-4DD7-98DC-A8FD01F4C841}.Debug|Any CPU.ActiveCfg = Debug|Any CPU
		{3E3F382D-227C-4DD7-98DC-A8FD01F4C841}.Debug|Any CPU.Build.0 = Debug|Any CPU
		{3E3F382D-227C-4DD7-98DC-A8FD01F4C841}.Release|Any CPU.ActiveCfg = Release|Any CPU
		{3E3F382D-227C-4DD7-98DC-A8FD01F4C841}.Release|Any CPU.Build.0 = Release|Any CPU
		{A781195A-44BE-4B0E-8942-14A4C691C4DC}.Debug|Any CPU.ActiveCfg = Debug|Any CPU
		{A781195A-44BE-4B0E-8942-14A4C691C4DC}.Debug|Any CPU.Build.0 = Debug|Any CPU
		{A781195A-44BE-4B0E-8942-14A4C691C4DC}.Release|Any CPU.ActiveCfg = Release|Any CPU
		{A781195A-44BE-4B0E-8942-14A4C691C4DC}.Release|Any CPU.Build.0 = Release|Any CPU
		{DC767189-14D2-474F-9153-8DFB2159B740}.Debug|Any CPU.ActiveCfg = Debug|Any CPU
		{DC767189-14D2-474F-9153-8DFB2159B740}.Debug|Any CPU.Build.0 = Debug|Any CPU
		{DC767189-14D2-474F-9153-8DFB2159B740}.Release|Any CPU.ActiveCfg = Release|Any CPU
		{DC767189-14D2-474F-9153-8DFB2159B740}.Release|Any CPU.Build.0 = Release|Any CPU
		{5D1AF8A1-0771-4138-80F6-3E5C5C9F22F7}.Debug|Any CPU.ActiveCfg = Debug|Any CPU
		{5D1AF8A1-0771-4138-80F6-3E5C5C9F22F7}.Debug|Any CPU.Build.0 = Debug|Any CPU
		{5D1AF8A1-0771-4138-80F6-3E5C5C9F22F7}.Release|Any CPU.ActiveCfg = Release|Any CPU
		{5D1AF8A1-0771-4138-80F6-3E5C5C9F22F7}.Release|Any CPU.Build.0 = Release|Any CPU
		{627B729E-3A54-478A-8F7A-E2D22F6B5A28}.Debug|Any CPU.ActiveCfg = Debug|Any CPU
		{627B729E-3A54-478A-8F7A-E2D22F6B5A28}.Debug|Any CPU.Build.0 = Debug|Any CPU
		{627B729E-3A54-478A-8F7A-E2D22F6B5A28}.Release|Any CPU.ActiveCfg = Release|Any CPU
		{627B729E-3A54-478A-8F7A-E2D22F6B5A28}.Release|Any CPU.Build.0 = Release|Any CPU
		{ECAD81B1-0A0E-459B-9A6D-7C2139C8EFF4}.Debug|Any CPU.ActiveCfg = Debug|Any CPU
		{ECAD81B1-0A0E-459B-9A6D-7C2139C8EFF4}.Debug|Any CPU.Build.0 = Debug|Any CPU
		{ECAD81B1-0A0E-459B-9A6D-7C2139C8EFF4}.Release|Any CPU.ActiveCfg = Release|Any CPU
		{ECAD81B1-0A0E-459B-9A6D-7C2139C8EFF4}.Release|Any CPU.Build.0 = Release|Any CPU
		{CAF38996-FE9B-46EA-B64C-AA82E80E46A3}.Debug|Any CPU.ActiveCfg = Debug|Any CPU
		{CAF38996-FE9B-46EA-B64C-AA82E80E46A3}.Debug|Any CPU.Build.0 = Debug|Any CPU
		{CAF38996-FE9B-46EA-B64C-AA82E80E46A3}.Release|Any CPU.ActiveCfg = Release|Any CPU
		{CAF38996-FE9B-46EA-B64C-AA82E80E46A3}.Release|Any CPU.Build.0 = Release|Any CPU
		{09574ECD-6221-4FEA-9551-43F05177FA37}.Debug|Any CPU.ActiveCfg = Debug|Any CPU
		{09574ECD-6221-4FEA-9551-43F05177FA37}.Debug|Any CPU.Build.0 = Debug|Any CPU
		{09574ECD-6221-4FEA-9551-43F05177FA37}.Release|Any CPU.ActiveCfg = Release|Any CPU
		{09574ECD-6221-4FEA-9551-43F05177FA37}.Release|Any CPU.Build.0 = Release|Any CPU
		{4CBA3A69-B633-4B7D-AE69-4A72B5D51A87}.Debug|Any CPU.ActiveCfg = Debug|Any CPU
		{4CBA3A69-B633-4B7D-AE69-4A72B5D51A87}.Debug|Any CPU.Build.0 = Debug|Any CPU
		{4CBA3A69-B633-4B7D-AE69-4A72B5D51A87}.Release|Any CPU.ActiveCfg = Release|Any CPU
		{4CBA3A69-B633-4B7D-AE69-4A72B5D51A87}.Release|Any CPU.Build.0 = Release|Any CPU
		{0FA181DE-1AD3-4EF8-8846-8631DCC5DA72}.Debug|Any CPU.ActiveCfg = Debug|Any CPU
		{0FA181DE-1AD3-4EF8-8846-8631DCC5DA72}.Debug|Any CPU.Build.0 = Debug|Any CPU
		{0FA181DE-1AD3-4EF8-8846-8631DCC5DA72}.Release|Any CPU.ActiveCfg = Release|Any CPU
		{0FA181DE-1AD3-4EF8-8846-8631DCC5DA72}.Release|Any CPU.Build.0 = Release|Any CPU
		{D6914880-99F1-49E4-82C1-1D0B23AD8AFF}.Debug|Any CPU.ActiveCfg = Debug|Any CPU
		{D6914880-99F1-49E4-82C1-1D0B23AD8AFF}.Debug|Any CPU.Build.0 = Debug|Any CPU
		{D6914880-99F1-49E4-82C1-1D0B23AD8AFF}.Release|Any CPU.ActiveCfg = Release|Any CPU
		{D6914880-99F1-49E4-82C1-1D0B23AD8AFF}.Release|Any CPU.Build.0 = Release|Any CPU
		{98E58884-A087-421C-A3F8-8AD6F36D6E22}.Debug|Any CPU.ActiveCfg = Debug|Any CPU
		{98E58884-A087-421C-A3F8-8AD6F36D6E22}.Debug|Any CPU.Build.0 = Debug|Any CPU
		{98E58884-A087-421C-A3F8-8AD6F36D6E22}.Release|Any CPU.ActiveCfg = Release|Any CPU
		{98E58884-A087-421C-A3F8-8AD6F36D6E22}.Release|Any CPU.Build.0 = Release|Any CPU
		{8CC07D0A-EFF9-4102-B610-6AFB318DF312}.Debug|Any CPU.ActiveCfg = Debug|Any CPU
		{8CC07D0A-EFF9-4102-B610-6AFB318DF312}.Debug|Any CPU.Build.0 = Debug|Any CPU
		{8CC07D0A-EFF9-4102-B610-6AFB318DF312}.Release|Any CPU.ActiveCfg = Release|Any CPU
		{8CC07D0A-EFF9-4102-B610-6AFB318DF312}.Release|Any CPU.Build.0 = Release|Any CPU
		{1A24FB58-6C18-4CE4-9833-E5168CEDF9A1}.Debug|Any CPU.ActiveCfg = Debug|Any CPU
		{1A24FB58-6C18-4CE4-9833-E5168CEDF9A1}.Debug|Any CPU.Build.0 = Debug|Any CPU
		{1A24FB58-6C18-4CE4-9833-E5168CEDF9A1}.Release|Any CPU.ActiveCfg = Release|Any CPU
		{1A24FB58-6C18-4CE4-9833-E5168CEDF9A1}.Release|Any CPU.Build.0 = Release|Any CPU
		{1AC1303E-0C6F-410B-BA43-55BC9C71170C}.Debug|Any CPU.ActiveCfg = Debug|Any CPU
		{1AC1303E-0C6F-410B-BA43-55BC9C71170C}.Debug|Any CPU.Build.0 = Debug|Any CPU
		{1AC1303E-0C6F-410B-BA43-55BC9C71170C}.Release|Any CPU.ActiveCfg = Release|Any CPU
		{1AC1303E-0C6F-410B-BA43-55BC9C71170C}.Release|Any CPU.Build.0 = Release|Any CPU
		{CFC95DE8-11C3-4B0E-9F0B-51938829B320}.Debug|Any CPU.ActiveCfg = Debug|Any CPU
		{CFC95DE8-11C3-4B0E-9F0B-51938829B320}.Debug|Any CPU.Build.0 = Debug|Any CPU
		{CFC95DE8-11C3-4B0E-9F0B-51938829B320}.Release|Any CPU.ActiveCfg = Release|Any CPU
		{CFC95DE8-11C3-4B0E-9F0B-51938829B320}.Release|Any CPU.Build.0 = Release|Any CPU
		{95014330-B34E-428C-A210-7D935F07184F}.Debug|Any CPU.ActiveCfg = Debug|Any CPU
		{95014330-B34E-428C-A210-7D935F07184F}.Debug|Any CPU.Build.0 = Debug|Any CPU
		{95014330-B34E-428C-A210-7D935F07184F}.Release|Any CPU.ActiveCfg = Release|Any CPU
		{95014330-B34E-428C-A210-7D935F07184F}.Release|Any CPU.Build.0 = Release|Any CPU
		{80D5182B-BC20-4A04-9DF4-D9A9E480A114}.Debug|Any CPU.ActiveCfg = Debug|Any CPU
		{80D5182B-BC20-4A04-9DF4-D9A9E480A114}.Debug|Any CPU.Build.0 = Debug|Any CPU
		{80D5182B-BC20-4A04-9DF4-D9A9E480A114}.Release|Any CPU.ActiveCfg = Release|Any CPU
		{80D5182B-BC20-4A04-9DF4-D9A9E480A114}.Release|Any CPU.Build.0 = Release|Any CPU
		{E007C481-39A2-4CE1-A875-9C0BF459F197}.Debug|Any CPU.ActiveCfg = Debug|Any CPU
		{E007C481-39A2-4CE1-A875-9C0BF459F197}.Debug|Any CPU.Build.0 = Debug|Any CPU
		{E007C481-39A2-4CE1-A875-9C0BF459F197}.Release|Any CPU.ActiveCfg = Release|Any CPU
		{E007C481-39A2-4CE1-A875-9C0BF459F197}.Release|Any CPU.Build.0 = Release|Any CPU
		{51FDBC67-B310-4AF2-A88E-06D85D3418AE}.Debug|Any CPU.ActiveCfg = Debug|Any CPU
		{51FDBC67-B310-4AF2-A88E-06D85D3418AE}.Debug|Any CPU.Build.0 = Debug|Any CPU
		{51FDBC67-B310-4AF2-A88E-06D85D3418AE}.Release|Any CPU.ActiveCfg = Release|Any CPU
		{51FDBC67-B310-4AF2-A88E-06D85D3418AE}.Release|Any CPU.Build.0 = Release|Any CPU
		{00A701D3-78B7-4D6F-AE38-709F61186F73}.Debug|Any CPU.ActiveCfg = Debug|Any CPU
		{00A701D3-78B7-4D6F-AE38-709F61186F73}.Debug|Any CPU.Build.0 = Debug|Any CPU
		{00A701D3-78B7-4D6F-AE38-709F61186F73}.Release|Any CPU.ActiveCfg = Release|Any CPU
		{00A701D3-78B7-4D6F-AE38-709F61186F73}.Release|Any CPU.Build.0 = Release|Any CPU
		{3BAD9F06-A502-4CFB-B79C-14E29A2BBD4F}.Debug|Any CPU.ActiveCfg = Debug|Any CPU
		{3BAD9F06-A502-4CFB-B79C-14E29A2BBD4F}.Debug|Any CPU.Build.0 = Debug|Any CPU
		{3BAD9F06-A502-4CFB-B79C-14E29A2BBD4F}.Release|Any CPU.ActiveCfg = Release|Any CPU
		{3BAD9F06-A502-4CFB-B79C-14E29A2BBD4F}.Release|Any CPU.Build.0 = Release|Any CPU
		{79A925D4-544B-428E-9A39-122A6D56283A}.Debug|Any CPU.ActiveCfg = Debug|Any CPU
		{79A925D4-544B-428E-9A39-122A6D56283A}.Debug|Any CPU.Build.0 = Debug|Any CPU
		{79A925D4-544B-428E-9A39-122A6D56283A}.Release|Any CPU.ActiveCfg = Release|Any CPU
		{79A925D4-544B-428E-9A39-122A6D56283A}.Release|Any CPU.Build.0 = Release|Any CPU
		{D1AF0F5B-627A-45AC-AA9C-55CAF35AFE38}.Debug|Any CPU.ActiveCfg = Debug|Any CPU
		{D1AF0F5B-627A-45AC-AA9C-55CAF35AFE38}.Debug|Any CPU.Build.0 = Debug|Any CPU
		{D1AF0F5B-627A-45AC-AA9C-55CAF35AFE38}.Release|Any CPU.ActiveCfg = Release|Any CPU
		{D1AF0F5B-627A-45AC-AA9C-55CAF35AFE38}.Release|Any CPU.Build.0 = Release|Any CPU
		{E9FEAAF2-836F-4A76-8121-2E2158CA73DF}.Debug|Any CPU.ActiveCfg = Debug|Any CPU
		{E9FEAAF2-836F-4A76-8121-2E2158CA73DF}.Debug|Any CPU.Build.0 = Debug|Any CPU
		{E9FEAAF2-836F-4A76-8121-2E2158CA73DF}.Release|Any CPU.ActiveCfg = Release|Any CPU
		{E9FEAAF2-836F-4A76-8121-2E2158CA73DF}.Release|Any CPU.Build.0 = Release|Any CPU
		{9B100D2F-C413-49C5-9E14-89E6611CED64}.Debug|Any CPU.ActiveCfg = Debug|Any CPU
		{9B100D2F-C413-49C5-9E14-89E6611CED64}.Debug|Any CPU.Build.0 = Debug|Any CPU
		{9B100D2F-C413-49C5-9E14-89E6611CED64}.Release|Any CPU.ActiveCfg = Release|Any CPU
		{9B100D2F-C413-49C5-9E14-89E6611CED64}.Release|Any CPU.Build.0 = Release|Any CPU
		{A9F98A98-4951-40ED-9A5C-3995E00BD78F}.Debug|Any CPU.ActiveCfg = Debug|Any CPU
		{A9F98A98-4951-40ED-9A5C-3995E00BD78F}.Debug|Any CPU.Build.0 = Debug|Any CPU
		{A9F98A98-4951-40ED-9A5C-3995E00BD78F}.Release|Any CPU.ActiveCfg = Release|Any CPU
		{A9F98A98-4951-40ED-9A5C-3995E00BD78F}.Release|Any CPU.Build.0 = Release|Any CPU
		{746E356D-9D46-4CD0-A6FD-12556579CF9F}.Debug|Any CPU.ActiveCfg = Debug|Any CPU
		{746E356D-9D46-4CD0-A6FD-12556579CF9F}.Debug|Any CPU.Build.0 = Debug|Any CPU
		{746E356D-9D46-4CD0-A6FD-12556579CF9F}.Release|Any CPU.ActiveCfg = Release|Any CPU
		{746E356D-9D46-4CD0-A6FD-12556579CF9F}.Release|Any CPU.Build.0 = Release|Any CPU
		{437C218F-8FF0-43E7-8BAB-AD7F59DE5BE0}.Debug|Any CPU.ActiveCfg = Debug|Any CPU
		{437C218F-8FF0-43E7-8BAB-AD7F59DE5BE0}.Debug|Any CPU.Build.0 = Debug|Any CPU
		{437C218F-8FF0-43E7-8BAB-AD7F59DE5BE0}.Release|Any CPU.ActiveCfg = Release|Any CPU
		{437C218F-8FF0-43E7-8BAB-AD7F59DE5BE0}.Release|Any CPU.Build.0 = Release|Any CPU
		{C46202ED-8D90-4F44-822A-B01DF798338E}.Debug|Any CPU.ActiveCfg = Debug|Any CPU
		{C46202ED-8D90-4F44-822A-B01DF798338E}.Debug|Any CPU.Build.0 = Debug|Any CPU
		{C46202ED-8D90-4F44-822A-B01DF798338E}.Release|Any CPU.ActiveCfg = Release|Any CPU
		{C46202ED-8D90-4F44-822A-B01DF798338E}.Release|Any CPU.Build.0 = Release|Any CPU
		{5BB0208B-2780-46C9-818D-2630D630F3D1}.Debug|Any CPU.ActiveCfg = Debug|Any CPU
		{5BB0208B-2780-46C9-818D-2630D630F3D1}.Debug|Any CPU.Build.0 = Debug|Any CPU
		{5BB0208B-2780-46C9-818D-2630D630F3D1}.Release|Any CPU.ActiveCfg = Release|Any CPU
		{5BB0208B-2780-46C9-818D-2630D630F3D1}.Release|Any CPU.Build.0 = Release|Any CPU
		{5CA8DC9A-4379-48D8-9955-8156BEA42C5E}.Debug|Any CPU.ActiveCfg = Debug|Any CPU
		{5CA8DC9A-4379-48D8-9955-8156BEA42C5E}.Debug|Any CPU.Build.0 = Debug|Any CPU
		{5CA8DC9A-4379-48D8-9955-8156BEA42C5E}.Release|Any CPU.ActiveCfg = Release|Any CPU
		{5CA8DC9A-4379-48D8-9955-8156BEA42C5E}.Release|Any CPU.Build.0 = Release|Any CPU
		{D00120ED-17DD-41D0-A397-0366EA1B5EDA}.Debug|Any CPU.ActiveCfg = Debug|Any CPU
		{D00120ED-17DD-41D0-A397-0366EA1B5EDA}.Debug|Any CPU.Build.0 = Debug|Any CPU
		{D00120ED-17DD-41D0-A397-0366EA1B5EDA}.Release|Any CPU.ActiveCfg = Release|Any CPU
		{D00120ED-17DD-41D0-A397-0366EA1B5EDA}.Release|Any CPU.Build.0 = Release|Any CPU
		{3E2242AD-10AB-45DC-8D80-0D14ADDA17E1}.Debug|Any CPU.ActiveCfg = Debug|Any CPU
		{3E2242AD-10AB-45DC-8D80-0D14ADDA17E1}.Debug|Any CPU.Build.0 = Debug|Any CPU
		{3E2242AD-10AB-45DC-8D80-0D14ADDA17E1}.Release|Any CPU.ActiveCfg = Release|Any CPU
		{3E2242AD-10AB-45DC-8D80-0D14ADDA17E1}.Release|Any CPU.Build.0 = Release|Any CPU
		{760017D4-7EFD-4B69-A17D-277C010FF2FB}.Debug|Any CPU.ActiveCfg = Debug|Any CPU
		{760017D4-7EFD-4B69-A17D-277C010FF2FB}.Debug|Any CPU.Build.0 = Debug|Any CPU
		{760017D4-7EFD-4B69-A17D-277C010FF2FB}.Release|Any CPU.ActiveCfg = Release|Any CPU
		{760017D4-7EFD-4B69-A17D-277C010FF2FB}.Release|Any CPU.Build.0 = Release|Any CPU
		{963F908B-3731-4924-B4FC-A9D03A2C793F}.Debug|Any CPU.ActiveCfg = Debug|Any CPU
		{963F908B-3731-4924-B4FC-A9D03A2C793F}.Debug|Any CPU.Build.0 = Debug|Any CPU
		{963F908B-3731-4924-B4FC-A9D03A2C793F}.Release|Any CPU.ActiveCfg = Release|Any CPU
		{963F908B-3731-4924-B4FC-A9D03A2C793F}.Release|Any CPU.Build.0 = Release|Any CPU
		{31FC0222-F3B3-4262-8138-AF2F3B8D4E93}.Debug|Any CPU.ActiveCfg = Debug|Any CPU
		{31FC0222-F3B3-4262-8138-AF2F3B8D4E93}.Debug|Any CPU.Build.0 = Debug|Any CPU
		{31FC0222-F3B3-4262-8138-AF2F3B8D4E93}.Release|Any CPU.ActiveCfg = Release|Any CPU
		{31FC0222-F3B3-4262-8138-AF2F3B8D4E93}.Release|Any CPU.Build.0 = Release|Any CPU
		{44B8951A-91F1-400A-81B1-7DA41224A954}.Debug|Any CPU.ActiveCfg = Debug|Any CPU
		{44B8951A-91F1-400A-81B1-7DA41224A954}.Debug|Any CPU.Build.0 = Debug|Any CPU
		{44B8951A-91F1-400A-81B1-7DA41224A954}.Release|Any CPU.ActiveCfg = Release|Any CPU
		{44B8951A-91F1-400A-81B1-7DA41224A954}.Release|Any CPU.Build.0 = Release|Any CPU
		{297D6A9F-1070-4895-8E80-39550EC7608A}.Debug|Any CPU.ActiveCfg = Debug|Any CPU
		{297D6A9F-1070-4895-8E80-39550EC7608A}.Debug|Any CPU.Build.0 = Debug|Any CPU
		{297D6A9F-1070-4895-8E80-39550EC7608A}.Release|Any CPU.ActiveCfg = Release|Any CPU
		{297D6A9F-1070-4895-8E80-39550EC7608A}.Release|Any CPU.Build.0 = Release|Any CPU
		{3D17BFDB-BBDC-43CF-BF88-E9D3AFEA85A3}.Debug|Any CPU.ActiveCfg = Debug|Any CPU
		{3D17BFDB-BBDC-43CF-BF88-E9D3AFEA85A3}.Debug|Any CPU.Build.0 = Debug|Any CPU
		{3D17BFDB-BBDC-43CF-BF88-E9D3AFEA85A3}.Release|Any CPU.ActiveCfg = Release|Any CPU
		{3D17BFDB-BBDC-43CF-BF88-E9D3AFEA85A3}.Release|Any CPU.Build.0 = Release|Any CPU
		{CF7B4B66-85EA-4E65-B8D5-84ECE4CDEB98}.Debug|Any CPU.ActiveCfg = Debug|Any CPU
		{CF7B4B66-85EA-4E65-B8D5-84ECE4CDEB98}.Debug|Any CPU.Build.0 = Debug|Any CPU
		{CF7B4B66-85EA-4E65-B8D5-84ECE4CDEB98}.Release|Any CPU.ActiveCfg = Release|Any CPU
		{CF7B4B66-85EA-4E65-B8D5-84ECE4CDEB98}.Release|Any CPU.Build.0 = Release|Any CPU
	EndGlobalSection
	GlobalSection(SolutionProperties) = preSolution
		HideSolutionNode = FALSE
	EndGlobalSection
	GlobalSection(NestedProjects) = preSolution
		{6B6957D6-FE79-4BAC-982C-DC3FAA232284} = {DEE60693-575B-43FA-B7AB-60B6045B632C}
		{75BAFC89-6C5D-4669-A55D-B904F3013572} = {DEE60693-575B-43FA-B7AB-60B6045B632C}
		{D2DFB80D-937C-45B2-8792-AE6898593D3A} = {DEE60693-575B-43FA-B7AB-60B6045B632C}
		{8FD68BFF-08D8-4429-A22C-7CC944D6FC1D} = {0ECDF340-749A-49C2-9F02-BE36D0235651}
		{98A9C5C1-0297-4E97-8118-6DC653A2143C} = {0ECDF340-749A-49C2-9F02-BE36D0235651}
		{8554C07C-97B5-4A22-9F08-950A63DDC85C} = {0ECDF340-749A-49C2-9F02-BE36D0235651}
		{8EA8B78D-1993-4667-BED3-93A94E15688B} = {0ECDF340-749A-49C2-9F02-BE36D0235651}
		{FDFF7DE2-1125-4D79-A721-530E25AA2325} = {0ECDF340-749A-49C2-9F02-BE36D0235651}
		{8C0479DA-4AAA-460E-BB50-91C4ACBCECE0} = {75BAFC89-6C5D-4669-A55D-B904F3013572}
		{3E3F382D-227C-4DD7-98DC-A8FD01F4C841} = {75BAFC89-6C5D-4669-A55D-B904F3013572}
		{A781195A-44BE-4B0E-8942-14A4C691C4DC} = {75BAFC89-6C5D-4669-A55D-B904F3013572}
		{276A76F8-FB38-4F22-9887-473055459A09} = {DEE60693-575B-43FA-B7AB-60B6045B632C}
		{DC767189-14D2-474F-9153-8DFB2159B740} = {0ECDF340-749A-49C2-9F02-BE36D0235651}
		{5D1AF8A1-0771-4138-80F6-3E5C5C9F22F7} = {276A76F8-FB38-4F22-9887-473055459A09}
		{627B729E-3A54-478A-8F7A-E2D22F6B5A28} = {276A76F8-FB38-4F22-9887-473055459A09}
		{ECAD81B1-0A0E-459B-9A6D-7C2139C8EFF4} = {6B6957D6-FE79-4BAC-982C-DC3FAA232284}
		{CAF38996-FE9B-46EA-B64C-AA82E80E46A3} = {E6831598-10DD-4EDC-BE6C-6CFBC17D316E}
		{09574ECD-6221-4FEA-9551-43F05177FA37} = {E6831598-10DD-4EDC-BE6C-6CFBC17D316E}
		{0795E3AC-63C0-41B1-92EA-A27EA0EF1F42} = {DEE60693-575B-43FA-B7AB-60B6045B632C}
		{02750F79-DC25-4BEE-A1AC-1F37C2F32DEC} = {DEE60693-575B-43FA-B7AB-60B6045B632C}
		{97F966A3-A087-4D75-8C10-6A34B8783C01} = {DEE60693-575B-43FA-B7AB-60B6045B632C}
		{317CB216-6C07-458B-A16B-3D17DE0CA4F1} = {DEE60693-575B-43FA-B7AB-60B6045B632C}
		{80671988-456F-4B06-9E63-4D70B0A99361} = {DEE60693-575B-43FA-B7AB-60B6045B632C}
		{4CBA3A69-B633-4B7D-AE69-4A72B5D51A87} = {0795E3AC-63C0-41B1-92EA-A27EA0EF1F42}
		{0FA181DE-1AD3-4EF8-8846-8631DCC5DA72} = {0795E3AC-63C0-41B1-92EA-A27EA0EF1F42}
		{D6914880-99F1-49E4-82C1-1D0B23AD8AFF} = {0795E3AC-63C0-41B1-92EA-A27EA0EF1F42}
		{98E58884-A087-421C-A3F8-8AD6F36D6E22} = {02750F79-DC25-4BEE-A1AC-1F37C2F32DEC}
		{8CC07D0A-EFF9-4102-B610-6AFB318DF312} = {02750F79-DC25-4BEE-A1AC-1F37C2F32DEC}
		{1A24FB58-6C18-4CE4-9833-E5168CEDF9A1} = {97F966A3-A087-4D75-8C10-6A34B8783C01}
		{1AC1303E-0C6F-410B-BA43-55BC9C71170C} = {97F966A3-A087-4D75-8C10-6A34B8783C01}
		{CFC95DE8-11C3-4B0E-9F0B-51938829B320} = {D2DFB80D-937C-45B2-8792-AE6898593D3A}
		{95014330-B34E-428C-A210-7D935F07184F} = {D2DFB80D-937C-45B2-8792-AE6898593D3A}
		{80D5182B-BC20-4A04-9DF4-D9A9E480A114} = {D2DFB80D-937C-45B2-8792-AE6898593D3A}
		{E007C481-39A2-4CE1-A875-9C0BF459F197} = {97F966A3-A087-4D75-8C10-6A34B8783C01}
		{51FDBC67-B310-4AF2-A88E-06D85D3418AE} = {317CB216-6C07-458B-A16B-3D17DE0CA4F1}
		{00A701D3-78B7-4D6F-AE38-709F61186F73} = {317CB216-6C07-458B-A16B-3D17DE0CA4F1}
		{3BAD9F06-A502-4CFB-B79C-14E29A2BBD4F} = {317CB216-6C07-458B-A16B-3D17DE0CA4F1}
		{79A925D4-544B-428E-9A39-122A6D56283A} = {317CB216-6C07-458B-A16B-3D17DE0CA4F1}
		{D1AF0F5B-627A-45AC-AA9C-55CAF35AFE38} = {317CB216-6C07-458B-A16B-3D17DE0CA4F1}
		{B967D6C1-8E60-4B83-BE8F-FDC2E9DEF4DE} = {DEE60693-575B-43FA-B7AB-60B6045B632C}
		{E9FEAAF2-836F-4A76-8121-2E2158CA73DF} = {B967D6C1-8E60-4B83-BE8F-FDC2E9DEF4DE}
		{9B100D2F-C413-49C5-9E14-89E6611CED64} = {B967D6C1-8E60-4B83-BE8F-FDC2E9DEF4DE}
		{A9F98A98-4951-40ED-9A5C-3995E00BD78F} = {B967D6C1-8E60-4B83-BE8F-FDC2E9DEF4DE}
		{746E356D-9D46-4CD0-A6FD-12556579CF9F} = {80671988-456F-4B06-9E63-4D70B0A99361}
		{437C218F-8FF0-43E7-8BAB-AD7F59DE5BE0} = {80671988-456F-4B06-9E63-4D70B0A99361}
		{C46202ED-8D90-4F44-822A-B01DF798338E} = {80671988-456F-4B06-9E63-4D70B0A99361}
		{0328F1B9-C25A-462E-85E9-78D238AF70D0} = {DEE60693-575B-43FA-B7AB-60B6045B632C}
		{5BB0208B-2780-46C9-818D-2630D630F3D1} = {0328F1B9-C25A-462E-85E9-78D238AF70D0}
		{5CA8DC9A-4379-48D8-9955-8156BEA42C5E} = {0328F1B9-C25A-462E-85E9-78D238AF70D0}
		{D00120ED-17DD-41D0-A397-0366EA1B5EDA} = {0328F1B9-C25A-462E-85E9-78D238AF70D0}
		{E2C83957-DF6E-41DA-A6C2-11921F606D84} = {A0F27F69-7064-4E75-B05E-F3205F253BA3}
		{3E2242AD-10AB-45DC-8D80-0D14ADDA17E1} = {E2C83957-DF6E-41DA-A6C2-11921F606D84}
		{583BA28B-D7CB-4913-A419-DB04042ABC26} = {DEE60693-575B-43FA-B7AB-60B6045B632C}
		{760017D4-7EFD-4B69-A17D-277C010FF2FB} = {583BA28B-D7CB-4913-A419-DB04042ABC26}
		{963F908B-3731-4924-B4FC-A9D03A2C793F} = {583BA28B-D7CB-4913-A419-DB04042ABC26}
		{31FC0222-F3B3-4262-8138-AF2F3B8D4E93} = {583BA28B-D7CB-4913-A419-DB04042ABC26}
		{E6831598-10DD-4EDC-BE6C-6CFBC17D316E} = {A0F27F69-7064-4E75-B05E-F3205F253BA3}
		{44B8951A-91F1-400A-81B1-7DA41224A954} = {02750F79-DC25-4BEE-A1AC-1F37C2F32DEC}
		{E19B12FB-8D07-4EC9-9813-6F7CF1E0791C} = {DEE60693-575B-43FA-B7AB-60B6045B632C}
		{297D6A9F-1070-4895-8E80-39550EC7608A} = {E19B12FB-8D07-4EC9-9813-6F7CF1E0791C}
		{3D17BFDB-BBDC-43CF-BF88-E9D3AFEA85A3} = {E19B12FB-8D07-4EC9-9813-6F7CF1E0791C}
		{CF7B4B66-85EA-4E65-B8D5-84ECE4CDEB98} = {E19B12FB-8D07-4EC9-9813-6F7CF1E0791C}
	EndGlobalSection
	GlobalSection(ExtensibilityGlobals) = postSolution
		SolutionGuid = {99E1C04C-2654-4217-A143-6C25E1203153}
	EndGlobalSection
EndGlobal
